{
  "name": "contentful-hugo",
  "version": "1.2.3",
  "lockfileVersion": 1,
  "requires": true,
  "dependencies": {
    "@contentful/rich-text-plain-text-renderer": {
      "version": "13.4.0",
      "resolved": "https://registry.npmjs.org/@contentful/rich-text-plain-text-renderer/-/rich-text-plain-text-renderer-13.4.0.tgz",
      "integrity": "sha512-kUs0oYLupHB3y3/a4iTd3WR+u7iGmkeoHU2nr5tSsqX9WMzM9FHp2v9PI6EN6FsfITWbnYgMW19vJ1bBv0T6BQ==",
      "requires": {
        "@contentful/rich-text-types": "^13.4.0"
      }
    },
    "@contentful/rich-text-types": {
      "version": "13.4.0",
      "resolved": "https://registry.npmjs.org/@contentful/rich-text-types/-/rich-text-types-13.4.0.tgz",
      "integrity": "sha512-YPdYqGmWiGAood7ri2BUXfPQKNthkQYV1rmQdaq4UAxWK5NLB5NXckaUYLbohqhHKtrq4tnfzVn+ePWID7Dzbg=="
    },
    "argparse": {
      "version": "1.0.10",
      "resolved": "https://registry.npmjs.org/argparse/-/argparse-1.0.10.tgz",
      "integrity": "sha512-o5Roy6tNG4SL/FOkCAN6RzjiakZS25RLYFrcMttJqbdd8BWrnA+fGz57iN5Pb06pvBGvl5gQ0B48dJlslXvoTg==",
      "requires": {
        "sprintf-js": "~1.0.2"
      }
    },
    "axios": {
      "version": "0.19.0",
      "resolved": "https://registry.npmjs.org/axios/-/axios-0.19.0.tgz",
      "integrity": "sha512-1uvKqKQta3KBxIz14F2v06AEHZ/dIoeKfbTRkK1E5oqjDnuEerLmYTgJB5AiQZHJcljpg1TuRzdjDR06qNk0DQ==",
      "requires": {
        "follow-redirects": "1.5.10",
        "is-buffer": "^2.0.2"
      }
    },
    "contentful": {
      "version": "7.9.1",
      "resolved": "https://registry.npmjs.org/contentful/-/contentful-7.9.1.tgz",
      "integrity": "sha512-cmKpkgf1alKAGlOY8atAjGrPaJ5Lj7JiPXnzNtmx6/0SzKBAzSj0lkCP1z7svSM+RRIjf4SPIjaR2BeWlGEMog==",
      "requires": {
        "axios": "^0.19.0",
        "contentful-resolve-response": "^1.1.4",
        "contentful-sdk-core": "^6.3.6",
        "json-stringify-safe": "^5.0.1",
        "lodash": "^4.17.11"
      }
    },
    "contentful-resolve-response": {
      "version": "1.1.4",
      "resolved": "https://registry.npmjs.org/contentful-resolve-response/-/contentful-resolve-response-1.1.4.tgz",
      "integrity": "sha512-oFq6n6zjbiwD9/7mBa8YHPwvPM0B0D4uOgg1n/rVzpQPhCrzeIixNj6fbJAbDiJt05rZqxiY3K1Db7pPRhRaZw==",
      "requires": {
        "lodash": "^4.17.4"
      }
    },
    "contentful-sdk-core": {
      "version": "6.3.6",
      "resolved": "https://registry.npmjs.org/contentful-sdk-core/-/contentful-sdk-core-6.3.6.tgz",
      "integrity": "sha512-QUHrnzBXzJmLD68apaAQYy0BaTtbfmPwZvPk2hJ3uTzjiR0rlFC7qHxL/aN4rBx8ahHqxJ6EGgmoGmcjBYxe5A==",
      "requires": {
        "lodash": "^4.17.10",
        "qs": "^6.5.2"
      }
    },
    "debug": {
      "version": "3.1.0",
      "resolved": "https://registry.npmjs.org/debug/-/debug-3.1.0.tgz",
      "integrity": "sha512-OX8XqP7/1a9cqkxYw2yXss15f26NKWBpDXQd0/uK/KPqdQhxbPa994hnzjcE2VqQpDslf55723cKPUOGSmMY3g==",
      "requires": {
        "ms": "2.0.0"
      }
    },
    "dotenv": {
      "version": "7.0.0",
      "resolved": "https://registry.npmjs.org/dotenv/-/dotenv-7.0.0.tgz",
      "integrity": "sha512-M3NhsLbV1i6HuGzBUH8vXrtxOk+tWmzWKDMbAVSUp3Zsjm7ywFeuwrUXhmhQyRK1q5B5GGy7hcXPbj3bnfZg2g=="
    },
    "esprima": {
      "version": "4.0.1",
      "resolved": "https://registry.npmjs.org/esprima/-/esprima-4.0.1.tgz",
      "integrity": "sha512-eGuFFw7Upda+g4p+QHvnW0RyTX/SVeJBDM/gCtMARO0cLuT2HcEKnTPvhjV6aGeqrCB/sbNop0Kszm0jsaWU4A=="
    },
    "follow-redirects": {
      "version": "1.5.10",
      "resolved": "https://registry.npmjs.org/follow-redirects/-/follow-redirects-1.5.10.tgz",
      "integrity": "sha512-0V5l4Cizzvqt5D44aTXbFZz+FtyXV1vrDN6qrelxtfYQKW0KO0W2T/hkE8xvGa/540LkZlkaUjO4ailYTFtHVQ==",
      "requires": {
        "debug": "=3.1.0"
      }
    },
    "is-buffer": {
      "version": "2.0.3",
      "resolved": "https://registry.npmjs.org/is-buffer/-/is-buffer-2.0.3.tgz",
      "integrity": "sha512-U15Q7MXTuZlrbymiz95PJpZxu8IlipAp4dtS3wOdgPXx3mqBnslrWU14kxfHB+Py/+2PVKSr37dMAgM2A4uArw=="
    },
    "js-yaml": {
      "version": "3.13.1",
      "resolved": "https://registry.npmjs.org/js-yaml/-/js-yaml-3.13.1.tgz",
      "integrity": "sha512-YfbcO7jXDdyj0DGxYVSlSeQNHbD7XPWvrVWeVUujrQEoZzWJIRrCPoyk6kL6IAjAG2IolMK4T0hNUe0HOUs5Jw==",
      "requires": {
        "argparse": "^1.0.7",
        "esprima": "^4.0.0"
      }
    },
    "json-stringify-safe": {
      "version": "5.0.1",
      "resolved": "https://registry.npmjs.org/json-stringify-safe/-/json-stringify-safe-5.0.1.tgz",
      "integrity": "sha1-Epai1Y/UXxmg9s4B1lcB4sc1tus="
    },
    "json-to-pretty-yaml": {
      "version": "1.2.2",
      "resolved": "https://registry.npmjs.org/json-to-pretty-yaml/-/json-to-pretty-yaml-1.2.2.tgz",
      "integrity": "sha1-9M0L0KXo/h3yWq9boRiwmf2ZLVs=",
      "requires": {
        "remedial": "^1.0.7",
        "remove-trailing-spaces": "^1.0.6"
      }
    },
    "lodash": {
      "version": "4.17.15",
      "resolved": "https://registry.npmjs.org/lodash/-/lodash-4.17.15.tgz",
      "integrity": "sha512-8xOcRHvCjnocdS5cpwXQXVzmmh5e5+saE2QGoeQmbKmRS6J3VQppPOIt0MnmE+4xlZoumy0GPG0D0MVIQbNA1A=="
    },
    "minimist": {
      "version": "0.0.8",
      "resolved": "https://registry.npmjs.org/minimist/-/minimist-0.0.8.tgz",
      "integrity": "sha1-hX/Kv8M5fSYluCKCYuhqp6ARsF0="
    },
    "mkdirp": {
      "version": "0.5.1",
      "resolved": "https://registry.npmjs.org/mkdirp/-/mkdirp-0.5.1.tgz",
      "integrity": "sha1-MAV0OOrGz3+MR2fzhkjWaX11yQM=",
      "requires": {
        "minimist": "0.0.8"
      }
    },
    "ms": {
      "version": "2.0.0",
      "resolved": "https://registry.npmjs.org/ms/-/ms-2.0.0.tgz",
      "integrity": "sha1-VgiurfwAvmwpAd9fmGF4jeDVl8g="
    },
    "qs": {
      "version": "6.7.0",
      "resolved": "https://registry.npmjs.org/qs/-/qs-6.7.0.tgz",
      "integrity": "sha512-VCdBRNFTX1fyE7Nb6FYoURo/SPe62QCaAyzJvUjwRaIsc+NePBEniHlvxFmmX56+HZphIGtV0XeCirBtpDrTyQ=="
    },
    "remedial": {
      "version": "1.0.8",
      "resolved": "https://registry.npmjs.org/remedial/-/remedial-1.0.8.tgz",
      "integrity": "sha512-/62tYiOe6DzS5BqVsNpH/nkGlX45C/Sp6V+NtiN6JQNS1Viay7cWkazmRkrQrdFj2eshDe96SIQNIoMxqhzBOg=="
    },
    "remove-trailing-spaces": {
      "version": "1.0.7",
      "resolved": "https://registry.npmjs.org/remove-trailing-spaces/-/remove-trailing-spaces-1.0.7.tgz",
      "integrity": "sha512-wjM17CJ2kk0SgoGyJ7ZMzRRCuTq+V8YhMwpZ5XEWX0uaked2OUq6utvHXGNBQrfkUzUUABFMyxlKn+85hMv4dg=="
    },
    "sprintf-js": {
      "version": "1.0.3",
      "resolved": "https://registry.npmjs.org/sprintf-js/-/sprintf-js-1.0.3.tgz",
      "integrity": "sha1-BOaSb2YolTVPPdAVIDYzuFcpfiw="
    }
  }
}
